{
    "version": 3,
    "terraform_version": "0.11.7",
    "serial": 4,
    "lineage": "4cdbc0b0-fe0a-01ef-0368-e7e3429f0009",
    "modules": [
        {
            "path": [
                "root"
            ],
            "outputs": {},
            "resources": {
                "azurerm_network_interface.myterraformnic": {
                    "type": "azurerm_network_interface",
                    "depends_on": [
                        "azurerm_network_security_group.securitygroup",
                        "azurerm_public_ip.publicip",
                        "azurerm_resource_group.dev",
                        "azurerm_subnet.subnet"
                    ],
                    "primary": {
                        "id": "/subscriptions/d5e15053-4ff8-4685-bca8-7aab5a4d1856/resourceGroups/devops/providers/Microsoft.Network/networkInterfaces/myNIC",
                        "attributes": {
                            "applied_dns_servers.#": "0",
                            "dns_servers.#": "0",
                            "enable_accelerated_networking": "false",
                            "enable_ip_forwarding": "false",
                            "id": "/subscriptions/d5e15053-4ff8-4685-bca8-7aab5a4d1856/resourceGroups/devops/providers/Microsoft.Network/networkInterfaces/myNIC",
                            "internal_dns_name_label": "",
                            "internal_fqdn": "",
                            "ip_configuration.#": "1",
                            "ip_configuration.0.application_gateway_backend_address_pools_ids.#": "0",
                            "ip_configuration.0.application_security_group_ids.#": "0",
                            "ip_configuration.0.load_balancer_backend_address_pools_ids.#": "0",
                            "ip_configuration.0.load_balancer_inbound_nat_rules_ids.#": "0",
                            "ip_configuration.0.name": "myNicConfiguration",
                            "ip_configuration.0.primary": "true",
                            "ip_configuration.0.private_ip_address": "",
                            "ip_configuration.0.private_ip_address_allocation": "dynamic",
                            "ip_configuration.0.public_ip_address_id": "/subscriptions/d5e15053-4ff8-4685-bca8-7aab5a4d1856/resourceGroups/devops/providers/Microsoft.Network/publicIPAddresses/fantasylp2705.westus.cloudapp.azure.com",
                            "ip_configuration.0.subnet_id": "/subscriptions/d5e15053-4ff8-4685-bca8-7aab5a4d1856/resourceGroups/devops/providers/Microsoft.Network/virtualNetworks/lan/subnets/local",
                            "location": "eastus",
                            "mac_address": "00-0D-3A-14-80-5B",
                            "name": "myNIC",
                            "network_security_group_id": "/subscriptions/d5e15053-4ff8-4685-bca8-7aab5a4d1856/resourceGroups/devops/providers/Microsoft.Network/networkSecurityGroups/LB",
                            "private_ip_address": "10.0.1.4",
                            "private_ip_addresses.#": "1",
                            "private_ip_addresses.0": "10.0.1.4",
                            "resource_group_name": "devops",
                            "tags.%": "1",
                            "tags.environment": "Terraform Demo",
                            "virtual_machine_id": "/subscriptions/d5e15053-4ff8-4685-bca8-7aab5a4d1856/resourceGroups/devops/providers/Microsoft.Compute/virtualMachines/myVM"
                        },
                        "meta": {},
                        "tainted": false
                    },
                    "deposed": [],
                    "provider": "provider.azurerm"
                },
                "azurerm_network_security_group.securitygroup": {
                    "type": "azurerm_network_security_group",
                    "depends_on": [
                        "azurerm_resource_group.dev"
                    ],
                    "primary": {
                        "id": "/subscriptions/d5e15053-4ff8-4685-bca8-7aab5a4d1856/resourceGroups/devops/providers/Microsoft.Network/networkSecurityGroups/LB",
                        "attributes": {
                            "id": "/subscriptions/d5e15053-4ff8-4685-bca8-7aab5a4d1856/resourceGroups/devops/providers/Microsoft.Network/networkSecurityGroups/LB",
                            "location": "eastus",
                            "name": "LB",
                            "resource_group_name": "devops",
                            "security_rule.#": "1",
                            "security_rule.2090309246.access": "Allow",
                            "security_rule.2090309246.description": "",
                            "security_rule.2090309246.destination_address_prefix": "*",
                            "security_rule.2090309246.destination_address_prefixes.#": "0",
                            "security_rule.2090309246.destination_application_security_group_ids.#": "0",
                            "security_rule.2090309246.destination_port_range": "22",
                            "security_rule.2090309246.destination_port_ranges.#": "0",
                            "security_rule.2090309246.direction": "Inbound",
                            "security_rule.2090309246.name": "SSH",
                            "security_rule.2090309246.priority": "1001",
                            "security_rule.2090309246.protocol": "Tcp",
                            "security_rule.2090309246.source_address_prefix": "*",
                            "security_rule.2090309246.source_address_prefixes.#": "0",
                            "security_rule.2090309246.source_application_security_group_ids.#": "0",
                            "security_rule.2090309246.source_port_range": "*",
                            "security_rule.2090309246.source_port_ranges.#": "0",
                            "tags.%": "1",
                            "tags.environment": "Terraform Demo"
                        },
                        "meta": {},
                        "tainted": false
                    },
                    "deposed": [],
                    "provider": "provider.azurerm"
                },
                "azurerm_public_ip.publicip": {
                    "type": "azurerm_public_ip",
                    "depends_on": [
                        "azurerm_resource_group.dev"
                    ],
                    "primary": {
                        "id": "/subscriptions/d5e15053-4ff8-4685-bca8-7aab5a4d1856/resourceGroups/devops/providers/Microsoft.Network/publicIPAddresses/fantasylp2705.westus.cloudapp.azure.com",
                        "attributes": {
                            "id": "/subscriptions/d5e15053-4ff8-4685-bca8-7aab5a4d1856/resourceGroups/devops/providers/Microsoft.Network/publicIPAddresses/fantasylp2705.westus.cloudapp.azure.com",
                            "ip_address": "52.186.81.95",
                            "location": "eastus",
                            "name": "fantasylp2705.westus.cloudapp.azure.com",
                            "public_ip_address_allocation": "dynamic",
                            "resource_group_name": "devops",
                            "sku": "Basic",
                            "tags.%": "1",
                            "tags.environment": "Terraform Demo",
                            "zones.#": "0"
                        },
                        "meta": {},
                        "tainted": false
                    },
                    "deposed": [],
                    "provider": "provider.azurerm"
                },
                "azurerm_resource_group.dev": {
                    "type": "azurerm_resource_group",
                    "depends_on": [],
                    "primary": {
                        "id": "/subscriptions/d5e15053-4ff8-4685-bca8-7aab5a4d1856/resourceGroups/devops",
                        "attributes": {
                            "id": "/subscriptions/d5e15053-4ff8-4685-bca8-7aab5a4d1856/resourceGroups/devops",
                            "location": "eastus",
                            "name": "devops",
                            "tags.%": "1",
                            "tags.environment": "Terraform Demo"
                        },
                        "meta": {},
                        "tainted": false
                    },
                    "deposed": [],
                    "provider": "provider.azurerm"
                },
                "azurerm_storage_account.mystorageaccount": {
                    "type": "azurerm_storage_account",
                    "depends_on": [
                        "azurerm_resource_group.dev",
                        "random_id.randomId"
                    ],
                    "primary": {
                        "id": "/subscriptions/d5e15053-4ff8-4685-bca8-7aab5a4d1856/resourceGroups/devops/providers/Microsoft.Storage/storageAccounts/diagf2b780e2aaae36ef",
                        "attributes": {
                            "access_tier": "",
                            "account_encryption_source": "Microsoft.Storage",
                            "account_kind": "Storage",
                            "account_replication_type": "LRS",
                            "account_tier": "Standard",
                            "account_type": "Standard_LRS",
                            "enable_blob_encryption": "true",
                            "enable_file_encryption": "true",
                            "enable_https_traffic_only": "false",
                            "id": "/subscriptions/d5e15053-4ff8-4685-bca8-7aab5a4d1856/resourceGroups/devops/providers/Microsoft.Storage/storageAccounts/diagf2b780e2aaae36ef",
                            "location": "eastus",
                            "name": "diagf2b780e2aaae36ef",
                            "primary_access_key": "v/FavR2MZ9DBLwoAZBCEJwtW4UZL7TpulKaarh/C0lEF6FOO8XDQBNFB2TnEjifVHg9B3kTSxUq+Cl3/kAl87w==",
                            "primary_blob_connection_string": "DefaultEndpointsProtocol=https;BlobEndpoint=https://diagf2b780e2aaae36ef.blob.core.windows.net/;AccountName=diagf2b780e2aaae36ef;AccountKey=v/FavR2MZ9DBLwoAZBCEJwtW4UZL7TpulKaarh/C0lEF6FOO8XDQBNFB2TnEjifVHg9B3kTSxUq+Cl3/kAl87w==",
                            "primary_blob_endpoint": "https://diagf2b780e2aaae36ef.blob.core.windows.net/",
                            "primary_connection_string": "DefaultEndpointsProtocol=https;AccountName=diagf2b780e2aaae36ef;AccountKey=v/FavR2MZ9DBLwoAZBCEJwtW4UZL7TpulKaarh/C0lEF6FOO8XDQBNFB2TnEjifVHg9B3kTSxUq+Cl3/kAl87w==;EndpointSuffix=core.windows.net",
                            "primary_file_endpoint": "https://diagf2b780e2aaae36ef.file.core.windows.net/",
                            "primary_location": "eastus",
                            "primary_queue_endpoint": "https://diagf2b780e2aaae36ef.queue.core.windows.net/",
                            "primary_table_endpoint": "https://diagf2b780e2aaae36ef.table.core.windows.net/",
                            "resource_group_name": "devops",
                            "secondary_access_key": "O19+a4x0LYpXK3dSJvwpK6nApgzKeLgsCkdoKF36lKKQbnFs3znOifeIbI56WK5BaxK225rehMqNRaGwnWnx4g==",
                            "secondary_connection_string": "DefaultEndpointsProtocol=https;AccountName=diagf2b780e2aaae36ef;AccountKey=O19+a4x0LYpXK3dSJvwpK6nApgzKeLgsCkdoKF36lKKQbnFs3znOifeIbI56WK5BaxK225rehMqNRaGwnWnx4g==;EndpointSuffix=core.windows.net",
                            "secondary_location": "",
                            "tags.%": "1",
                            "tags.environment": "Terraform Demo"
                        },
                        "meta": {
                            "schema_version": "2"
                        },
                        "tainted": false
                    },
                    "deposed": [],
                    "provider": "provider.azurerm"
                },
                "azurerm_subnet.subnet": {
                    "type": "azurerm_subnet",
                    "depends_on": [
                        "azurerm_resource_group.dev",
                        "azurerm_virtual_network.network"
                    ],
                    "primary": {
                        "id": "/subscriptions/d5e15053-4ff8-4685-bca8-7aab5a4d1856/resourceGroups/devops/providers/Microsoft.Network/virtualNetworks/lan/subnets/local",
                        "attributes": {
                            "address_prefix": "10.0.1.0/24",
                            "id": "/subscriptions/d5e15053-4ff8-4685-bca8-7aab5a4d1856/resourceGroups/devops/providers/Microsoft.Network/virtualNetworks/lan/subnets/local",
                            "ip_configurations.#": "1",
                            "ip_configurations.861705270": "/subscriptions/d5e15053-4ff8-4685-bca8-7aab5a4d1856/resourceGroups/devops/providers/Microsoft.Network/networkInterfaces/myNIC/ipConfigurations/myNicConfiguration",
                            "name": "local",
                            "resource_group_name": "devops",
                            "service_endpoints.#": "0",
                            "virtual_network_name": "lan"
                        },
                        "meta": {},
                        "tainted": false
                    },
                    "deposed": [],
                    "provider": "provider.azurerm"
                },
                "azurerm_virtual_machine.myterraformvm": {
                    "type": "azurerm_virtual_machine",
                    "depends_on": [
                        "azurerm_network_interface.myterraformnic",
                        "azurerm_resource_group.dev",
                        "azurerm_storage_account.mystorageaccount"
                    ],
                    "primary": {
                        "id": "/subscriptions/d5e15053-4ff8-4685-bca8-7aab5a4d1856/resourceGroups/devops/providers/Microsoft.Compute/virtualMachines/myVM",
                        "attributes": {
                            "boot_diagnostics.#": "1",
                            "boot_diagnostics.0.enabled": "true",
                            "boot_diagnostics.0.storage_uri": "https://diagf2b780e2aaae36ef.blob.core.windows.net/",
                            "delete_data_disks_on_termination": "false",
                            "delete_os_disk_on_termination": "false",
                            "id": "/subscriptions/d5e15053-4ff8-4685-bca8-7aab5a4d1856/resourceGroups/devops/providers/Microsoft.Compute/virtualMachines/myVM",
                            "identity.#": "0",
                            "location": "eastus",
                            "name": "myVM",
                            "network_interface_ids.#": "1",
                            "network_interface_ids.0": "/subscriptions/d5e15053-4ff8-4685-bca8-7aab5a4d1856/resourceGroups/devops/providers/Microsoft.Network/networkInterfaces/myNIC",
                            "os_profile.#": "1",
                            "os_profile.1770182618.admin_password": "",
                            "os_profile.1770182618.admin_username": "azureuser",
                            "os_profile.1770182618.computer_name": "myvm",
                            "os_profile.1770182618.custom_data": "",
                            "os_profile_linux_config.#": "1",
                            "os_profile_linux_config.69840937.disable_password_authentication": "true",
                            "os_profile_linux_config.69840937.ssh_keys.#": "1",
                            "os_profile_linux_config.69840937.ssh_keys.0.key_data": "ssh-rsa AAAAB3NzaC1yc2EAAAADAQABAAABAQDRXyD2YIe2LPBuj/rtcNNxCeUhp47Kzi1gR1K1VSa7GPe529MUYYjDn2u7G/DG4vtLAKwCYyIVWf3cOaa5iwPkJI63MJ0xjw+pwfURbLk+tOxOMpbNNhS4Vsn49OX/JhOFdX9eR6ElSY9UtL/bNazhyFUbrzAjz8PDtJ4UTLsj5+qQ1UKOwy98PUyu/ukSEfj+iIihEGwhi0QcO2R5EU053hmXgDN997Bn4owR+Woweq2fOkZ1N3oteicodTu4HeMCOmv9a2SidTZtzs5ja7Bhfmnt1SiO7USJtQ8Mwz9Xuk65GDHXB/wF3tQg3j7ONjTGjcCNioCOuM6udaimwhkH denisz@iCyberCoffee-2.local",
                            "os_profile_linux_config.69840937.ssh_keys.0.path": "/home/azureuser/.ssh/authorized_keys",
                            "os_profile_secrets.#": "0",
                            "resource_group_name": "devops",
                            "storage_data_disk.#": "0",
                            "storage_image_reference.#": "1",
                            "storage_image_reference.363552096.id": "",
                            "storage_image_reference.363552096.offer": "UbuntuServer",
                            "storage_image_reference.363552096.publisher": "Canonical",
                            "storage_image_reference.363552096.sku": "16.04.0-LTS",
                            "storage_image_reference.363552096.version": "latest",
                            "storage_os_disk.#": "1",
                            "storage_os_disk.0.caching": "ReadWrite",
                            "storage_os_disk.0.create_option": "FromImage",
                            "storage_os_disk.0.disk_size_gb": "30",
                            "storage_os_disk.0.image_uri": "",
                            "storage_os_disk.0.managed_disk_id": "/subscriptions/d5e15053-4ff8-4685-bca8-7aab5a4d1856/resourceGroups/devops/providers/Microsoft.Compute/disks/myOsDisk",
                            "storage_os_disk.0.managed_disk_type": "Premium_LRS",
                            "storage_os_disk.0.name": "myOsDisk",
                            "storage_os_disk.0.os_type": "Linux",
                            "storage_os_disk.0.vhd_uri": "",
                            "tags.%": "1",
                            "tags.environment": "Terraform Demo",
                            "vm_size": "Standard_DS1_v2",
                            "zones.#": "0"
                        },
                        "meta": {},
                        "tainted": false
                    },
                    "deposed": [],
                    "provider": "provider.azurerm"
                },
                "azurerm_virtual_network.network": {
                    "type": "azurerm_virtual_network",
                    "depends_on": [
                        "azurerm_resource_group.dev"
                    ],
                    "primary": {
                        "id": "/subscriptions/d5e15053-4ff8-4685-bca8-7aab5a4d1856/resourceGroups/devops/providers/Microsoft.Network/virtualNetworks/lan",
                        "attributes": {
                            "address_space.#": "1",
                            "address_space.0": "10.0.0.0/16",
                            "dns_servers.#": "0",
                            "id": "/subscriptions/d5e15053-4ff8-4685-bca8-7aab5a4d1856/resourceGroups/devops/providers/Microsoft.Network/virtualNetworks/lan",
                            "location": "eastus",
                            "name": "lan",
                            "resource_group_name": "devops",
                            "subnet.#": "1",
                            "subnet.95246712.address_prefix": "10.0.1.0/24",
                            "subnet.95246712.name": "local",
                            "subnet.95246712.security_group": "",
                            "tags.%": "1",
                            "tags.environment": "Terraform Demo"
                        },
                        "meta": {},
                        "tainted": false
                    },
                    "deposed": [],
                    "provider": "provider.azurerm"
                },
                "random_id.randomId": {
                    "type": "random_id",
                    "depends_on": [
                        "azurerm_resource_group.dev"
                    ],
                    "primary": {
                        "id": "8reA4qquNu8",
                        "attributes": {
                            "b64": "8reA4qquNu8",
                            "b64_std": "8reA4qquNu8=",
                            "b64_url": "8reA4qquNu8",
                            "byte_length": "8",
                            "dec": "17489589388931118831",
                            "hex": "f2b780e2aaae36ef",
                            "id": "8reA4qquNu8",
                            "keepers.%": "1",
                            "keepers.resource_group": "devops"
                        },
                        "meta": {},
                        "tainted": false
                    },
                    "deposed": [],
                    "provider": "provider.random"
                }
            },
            "depends_on": []
        }
    ]
}
